
Microsoft Visual Studio Solution File, Format Version 12.00
# Visual Studio Version 16
VisualStudioVersion = 16.0.31025.194
MinimumVisualStudioVersion = 10.0.40219.1
Project("{FAE04EC0-301F-11D3-BF4B-00C04F79EFBC}") = "Chap06", "Chap06\Chap06.csproj", "{55981697-FA52-4985-8D44-940FA5BD9515}"
EndProject
Global
	GlobalSection(SolutionConfigurationPlatforms) = preSolution
		Debug|Any CPU = Debug|Any CPU
		Release|Any CPU = Release|Any CPU
	EndGlobalSection
	GlobalSection(ProjectConfigurationPlatforms) = postSolution
		{55981697-FA52-4985-8D44-940FA5BD9515}.Debug|Any CPU.ActiveCfg = Debug|Any CPU
		{55981697-FA52-4985-8D44-940FA5BD9515}.Debug|Any CPU.Build.0 = Debug|Any CPU
		{55981697-FA52-4985-8D44-940FA5BD9515}.Release|Any CPU.ActiveCfg = Release|Any CPU
		{55981697-FA52-4985-8D44-940FA5BD9515}.Release|Any CPU.Build.0 = Release|Any CPU
	EndGlobalSection
	GlobalSection(SolutionProperties) = preSolution
		HideSolutionNode = FALSE
	EndGlobalSection
	GlobalSection(ExtensibilityGlobals) = postSolution
		SolutionGuid = {E601AE36-E7A9-43C5-9FEF-B6D2C1FFFE2A}
	EndGlobalSection
EndGlobal
