
Microsoft Visual Studio Solution File, Format Version 12.00
# Visual Studio Version 16
VisualStudioVersion = 16.0.30717.126
MinimumVisualStudioVersion = 10.0.40219.1
Project("{FAE04EC0-301F-11D3-BF4B-00C04F79EFBC}") = "LoginForm", "LoginForm\LoginForm.csproj", "{D7D4E912-474D-42B4-B700-BCC6AFB24568}"
EndProject
Global
	GlobalSection(SolutionConfigurationPlatforms) = preSolution
		Debug|Any CPU = Debug|Any CPU
		Release|Any CPU = Release|Any CPU
	EndGlobalSection
	GlobalSection(ProjectConfigurationPlatforms) = postSolution
		{D7D4E912-474D-42B4-B700-BCC6AFB24568}.Debug|Any CPU.ActiveCfg = Debug|Any CPU
		{D7D4E912-474D-42B4-B700-BCC6AFB24568}.Debug|Any CPU.Build.0 = Debug|Any CPU
		{D7D4E912-474D-42B4-B700-BCC6AFB24568}.Release|Any CPU.ActiveCfg = Release|Any CPU
		{D7D4E912-474D-42B4-B700-BCC6AFB24568}.Release|Any CPU.Build.0 = Release|Any CPU
	EndGlobalSection
	GlobalSection(SolutionProperties) = preSolution
		HideSolutionNode = FALSE
	EndGlobalSection
	GlobalSection(ExtensibilityGlobals) = postSolution
		SolutionGuid = {3A1BA421-04C5-4E36-87FD-8A3B3AC42881}
	EndGlobalSection
EndGlobal
